
Microsoft Visual Studio Solution File, Format Version 12.00
# Visual Studio Version 16
VisualStudioVersion = 16.0.30114.105
MinimumVisualStudioVersion = 10.0.40219.1
Project("{9A19103F-16F7-4668-BE54-9A1E7A4F7556}") = "PriceMonitoring", "PriceMonitoring\PriceMonitoring.csproj", "{6B70DAFB-6284-4B1B-9A58-54B774F9611C}"
	ProjectSection(ProjectDependencies) = postProject
		{3D24307F-53B4-4A02-8D35-58893217AE5D} = {3D24307F-53B4-4A02-8D35-58893217AE5D}
		{DFB86EA9-2B5C-4BBB-B9AE-BA660C2E612D} = {DFB86EA9-2B5C-4BBB-B9AE-BA660C2E612D}
	EndProjectSection
EndProject
Project("{9A19103F-16F7-4668-BE54-9A1E7A4F7556}") = "PriceMonitorData", "PriceMonitorData\PriceMonitorData.csproj", "{3D24307F-53B4-4A02-8D35-58893217AE5D}"
EndProject
Project("{9A19103F-16F7-4668-BE54-9A1E7A4F7556}") = "PriceMonitorSites", "PriceMonitorSites\PriceMonitorSites.csproj", "{309595A2-6A27-4BA1-995D-D16ECE995065}"
EndProject
Project("{9A19103F-16F7-4668-BE54-9A1E7A4F7556}") = "PriceMonitorSitesTests", "PriceMonitorSitesTests\PriceMonitorSitesTests.csproj", "{2DC0939B-0AA4-4858-84FD-0CA4B658A902}"
EndProject
Project("{9A19103F-16F7-4668-BE54-9A1E7A4F7556}") = "SimpleCache", "SimpleLRUCache\SimpleCache.csproj", "{DFB86EA9-2B5C-4BBB-B9AE-BA660C2E612D}"
EndProject
Project("{9A19103F-16F7-4668-BE54-9A1E7A4F7556}") = "SimpleCacheTests", "SimpleCacheTests\SimpleCacheTests.csproj", "{4F9979AA-DB17-4A58-8750-BF346A261F8E}"
EndProject
Project("{2150E333-8FDC-42A3-9474-1A3956D46DE8}") = "Tests", "Tests", "{3BEA4B3D-BE19-44C4-8166-B00ED9D77AC0}"
EndProject
Global
	GlobalSection(SolutionConfigurationPlatforms) = preSolution
		Debug|Any CPU = Debug|Any CPU
		Release|Any CPU = Release|Any CPU
	EndGlobalSection
	GlobalSection(ProjectConfigurationPlatforms) = postSolution
		{6B70DAFB-6284-4B1B-9A58-54B774F9611C}.Debug|Any CPU.ActiveCfg = Debug|Any CPU
		{6B70DAFB-6284-4B1B-9A58-54B774F9611C}.Debug|Any CPU.Build.0 = Debug|Any CPU
		{6B70DAFB-6284-4B1B-9A58-54B774F9611C}.Release|Any CPU.ActiveCfg = Release|Any CPU
		{6B70DAFB-6284-4B1B-9A58-54B774F9611C}.Release|Any CPU.Build.0 = Release|Any CPU
		{3D24307F-53B4-4A02-8D35-58893217AE5D}.Debug|Any CPU.ActiveCfg = Debug|Any CPU
		{3D24307F-53B4-4A02-8D35-58893217AE5D}.Debug|Any CPU.Build.0 = Debug|Any CPU
		{3D24307F-53B4-4A02-8D35-58893217AE5D}.Release|Any CPU.ActiveCfg = Release|Any CPU
		{3D24307F-53B4-4A02-8D35-58893217AE5D}.Release|Any CPU.Build.0 = Release|Any CPU
		{309595A2-6A27-4BA1-995D-D16ECE995065}.Debug|Any CPU.ActiveCfg = Debug|Any CPU
		{309595A2-6A27-4BA1-995D-D16ECE995065}.Debug|Any CPU.Build.0 = Debug|Any CPU
		{309595A2-6A27-4BA1-995D-D16ECE995065}.Release|Any CPU.ActiveCfg = Release|Any CPU
		{309595A2-6A27-4BA1-995D-D16ECE995065}.Release|Any CPU.Build.0 = Release|Any CPU
		{2DC0939B-0AA4-4858-84FD-0CA4B658A902}.Debug|Any CPU.ActiveCfg = Debug|Any CPU
		{2DC0939B-0AA4-4858-84FD-0CA4B658A902}.Debug|Any CPU.Build.0 = Debug|Any CPU
		{2DC0939B-0AA4-4858-84FD-0CA4B658A902}.Release|Any CPU.ActiveCfg = Release|Any CPU
		{2DC0939B-0AA4-4858-84FD-0CA4B658A902}.Release|Any CPU.Build.0 = Release|Any CPU
		{DFB86EA9-2B5C-4BBB-B9AE-BA660C2E612D}.Debug|Any CPU.ActiveCfg = Debug|Any CPU
		{DFB86EA9-2B5C-4BBB-B9AE-BA660C2E612D}.Debug|Any CPU.Build.0 = Debug|Any CPU
		{DFB86EA9-2B5C-4BBB-B9AE-BA660C2E612D}.Release|Any CPU.ActiveCfg = Release|Any CPU
		{DFB86EA9-2B5C-4BBB-B9AE-BA660C2E612D}.Release|Any CPU.Build.0 = Release|Any CPU
		{4F9979AA-DB17-4A58-8750-BF346A261F8E}.Debug|Any CPU.ActiveCfg = Debug|Any CPU
		{4F9979AA-DB17-4A58-8750-BF346A261F8E}.Debug|Any CPU.Build.0 = Debug|Any CPU
		{4F9979AA-DB17-4A58-8750-BF346A261F8E}.Release|Any CPU.ActiveCfg = Release|Any CPU
		{4F9979AA-DB17-4A58-8750-BF346A261F8E}.Release|Any CPU.Build.0 = Release|Any CPU
	EndGlobalSection
	GlobalSection(SolutionProperties) = preSolution
		HideSolutionNode = FALSE
	EndGlobalSection
	GlobalSection(NestedProjects) = preSolution
		{2DC0939B-0AA4-4858-84FD-0CA4B658A902} = {3BEA4B3D-BE19-44C4-8166-B00ED9D77AC0}
		{4F9979AA-DB17-4A58-8750-BF346A261F8E} = {3BEA4B3D-BE19-44C4-8166-B00ED9D77AC0}
	EndGlobalSection
	GlobalSection(ExtensibilityGlobals) = postSolution
		SolutionGuid = {94DD224D-0494-44AF-A136-915C466FD6BE}
	EndGlobalSection
EndGlobal
